// !$*UTF8*$!
{
	archiveVersion = 1;
	classes = {
	};
	objectVersion = 56;
	objects = {

/* Begin PBXBuildFile section */
		CD0913D7298065D000F7719B /* SwiftUIChatApp.swift in Sources */ = {isa = PBXBuildFile; fileRef = CD0913D6298065D000F7719B /* SwiftUIChatApp.swift */; };
		CD0913D9298065D000F7719B /* LoginView.swift in Sources */ = {isa = PBXBuildFile; fileRef = CD0913D8298065D000F7719B /* LoginView.swift */; };
		CD0913DB298065D100F7719B /* Assets.xcassets in Resources */ = {isa = PBXBuildFile; fileRef = CD0913DA298065D100F7719B /* Assets.xcassets */; };
		CD0913DE298065D100F7719B /* Preview Assets.xcassets in Resources */ = {isa = PBXBuildFile; fileRef = CD0913DD298065D100F7719B /* Preview Assets.xcassets */; };
		CD73CBAA2A711AC200CD9F1F /* FirebaseManager.swift in Sources */ = {isa = PBXBuildFile; fileRef = CD73CBA92A711AC200CD9F1F /* FirebaseManager.swift */; };
		CD73CBAD2A71587900CD9F1F /* SDWebImageSwiftUI in Frameworks */ = {isa = PBXBuildFile; productRef = CD73CBAC2A71587900CD9F1F /* SDWebImageSwiftUI */; };
		CD73CBB02A7183B700CD9F1F /* ChatUser.swift in Sources */ = {isa = PBXBuildFile; fileRef = CD73CBAF2A7183B700CD9F1F /* ChatUser.swift */; };
		CD73CBB52A76CF6700CD9F1F /* CreateNewMessageView.swift in Sources */ = {isa = PBXBuildFile; fileRef = CD73CBB42A76CF6700CD9F1F /* CreateNewMessageView.swift */; };
		CD73CBB82A7812F500CD9F1F /* ChatLogView.swift in Sources */ = {isa = PBXBuildFile; fileRef = CD73CBB72A7812F500CD9F1F /* ChatLogView.swift */; };
		CDB28DFB2A6EE0FA00654334 /* GoogleService-Info.plist in Resources */ = {isa = PBXBuildFile; fileRef = CDB28DFA2A6EE0FA00654334 /* GoogleService-Info.plist */; };
		CDB28DFD2A6FCD8E00654334 /* ImagePicker.swift in Sources */ = {isa = PBXBuildFile; fileRef = CDB28DFC2A6FCD8E00654334 /* ImagePicker.swift */; };
		CDB28E002A6FE7DE00654334 /* FirebaseAuth in Frameworks */ = {isa = PBXBuildFile; productRef = CDB28DFF2A6FE7DE00654334 /* FirebaseAuth */; };
		CDB28E022A6FE7DE00654334 /* FirebaseFirestore in Frameworks */ = {isa = PBXBuildFile; productRef = CDB28E012A6FE7DE00654334 /* FirebaseFirestore */; };
		CDB28E042A6FE7DE00654334 /* FirebaseStorage in Frameworks */ = {isa = PBXBuildFile; productRef = CDB28E032A6FE7DE00654334 /* FirebaseStorage */; };
		CDB28E092A70284900654334 /* MainMessagesView.swift in Sources */ = {isa = PBXBuildFile; fileRef = CDB28E082A70284900654334 /* MainMessagesView.swift */; };
/* End PBXBuildFile section */

/* Begin PBXFileReference section */
		CD0913D3298065CF00F7719B /* SwiftUIChat.app */ = {isa = PBXFileReference; explicitFileType = wrapper.application; includeInIndex = 0; path = SwiftUIChat.app; sourceTree = BUILT_PRODUCTS_DIR; };
		CD0913D6298065D000F7719B /* SwiftUIChatApp.swift */ = {isa = PBXFileReference; lastKnownFileType = sourcecode.swift; path = SwiftUIChatApp.swift; sourceTree = "<group>"; };
		CD0913D8298065D000F7719B /* LoginView.swift */ = {isa = PBXFileReference; lastKnownFileType = sourcecode.swift; path = LoginView.swift; sourceTree = "<group>"; };
		CD0913DA298065D100F7719B /* Assets.xcassets */ = {isa = PBXFileReference; lastKnownFileType = folder.assetcatalog; path = Assets.xcassets; sourceTree = "<group>"; };
		CD0913DD298065D100F7719B /* Preview Assets.xcassets */ = {isa = PBXFileReference; lastKnownFileType = folder.assetcatalog; path = "Preview Assets.xcassets"; sourceTree = "<group>"; };
		CD73CBA92A711AC200CD9F1F /* FirebaseManager.swift */ = {isa = PBXFileReference; lastKnownFileType = sourcecode.swift; path = FirebaseManager.swift; sourceTree = "<group>"; };
		CD73CBAF2A7183B700CD9F1F /* ChatUser.swift */ = {isa = PBXFileReference; lastKnownFileType = sourcecode.swift; path = ChatUser.swift; sourceTree = "<group>"; };
		CD73CBB42A76CF6700CD9F1F /* CreateNewMessageView.swift */ = {isa = PBXFileReference; lastKnownFileType = sourcecode.swift; path = CreateNewMessageView.swift; sourceTree = "<group>"; };
		CD73CBB72A7812F500CD9F1F /* ChatLogView.swift */ = {isa = PBXFileReference; lastKnownFileType = sourcecode.swift; path = ChatLogView.swift; sourceTree = "<group>"; };
		CDB28DFA2A6EE0FA00654334 /* GoogleService-Info.plist */ = {isa = PBXFileReference; fileEncoding = 4; lastKnownFileType = text.plist.xml; path = "GoogleService-Info.plist"; sourceTree = "<group>"; };
		CDB28DFC2A6FCD8E00654334 /* ImagePicker.swift */ = {isa = PBXFileReference; lastKnownFileType = sourcecode.swift; path = ImagePicker.swift; sourceTree = "<group>"; };
		CDB28E082A70284900654334 /* MainMessagesView.swift */ = {isa = PBXFileReference; lastKnownFileType = sourcecode.swift; path = MainMessagesView.swift; sourceTree = "<group>"; };
/* End PBXFileReference section */

/* Begin PBXFrameworksBuildPhase section */
		CD0913D0298065CF00F7719B /* Frameworks */ = {
			isa = PBXFrameworksBuildPhase;
			buildActionMask = 2147483647;
			files = (
				CD73CBAD2A71587900CD9F1F /* SDWebImageSwiftUI in Frameworks */,
				CDB28E002A6FE7DE00654334 /* FirebaseAuth in Frameworks */,
				CDB28E022A6FE7DE00654334 /* FirebaseFirestore in Frameworks */,
				CDB28E042A6FE7DE00654334 /* FirebaseStorage in Frameworks */,
			);
			runOnlyForDeploymentPostprocessing = 0;
		};
/* End PBXFrameworksBuildPhase section */

/* Begin PBXGroup section */
		CD0913CA298065CF00F7719B = {
			isa = PBXGroup;
			children = (
				CD0913D5298065CF00F7719B /* SwiftUIChat */,
				CD0913D4298065CF00F7719B /* Products */,
			);
			sourceTree = "<group>";
		};
		CD0913D4298065CF00F7719B /* Products */ = {
			isa = PBXGroup;
			children = (
				CD0913D3298065CF00F7719B /* SwiftUIChat.app */,
			);
			name = Products;
			sourceTree = "<group>";
		};
		CD0913D5298065CF00F7719B /* SwiftUIChat */ = {
			isa = PBXGroup;
			children = (
				CD73CBAE2A7183A500CD9F1F /* Model */,
				CD73CBA82A711A9E00CD9F1F /* Utils */,
				CDB28E052A70281800654334 /* MainMessages */,
				CD0913D6298065D000F7719B /* SwiftUIChatApp.swift */,
				CD0913D8298065D000F7719B /* LoginView.swift */,
				CDB28DFC2A6FCD8E00654334 /* ImagePicker.swift */,
				CDB28DFA2A6EE0FA00654334 /* GoogleService-Info.plist */,
				CD0913DA298065D100F7719B /* Assets.xcassets */,
				CD0913DC298065D100F7719B /* Preview Content */,
			);
			path = SwiftUIChat;
			sourceTree = "<group>";
		};
		CD0913DC298065D100F7719B /* Preview Content */ = {
			isa = PBXGroup;
			children = (
				CD0913DD298065D100F7719B /* Preview Assets.xcassets */,
			);
			path = "Preview Content";
			sourceTree = "<group>";
		};
		CD73CBA82A711A9E00CD9F1F /* Utils */ = {
			isa = PBXGroup;
			children = (
				CD73CBA92A711AC200CD9F1F /* FirebaseManager.swift */,
			);
			path = Utils;
			sourceTree = "<group>";
		};
		CD73CBAE2A7183A500CD9F1F /* Model */ = {
			isa = PBXGroup;
			children = (
				CD73CBAF2A7183B700CD9F1F /* ChatUser.swift */,
			);
			path = Model;
			sourceTree = "<group>";
		};
		CD73CBB32A76CF2300CD9F1F /* NewMessage */ = {
			isa = PBXGroup;
			children = (
				CD73CBB42A76CF6700CD9F1F /* CreateNewMessageView.swift */,
			);
			path = NewMessage;
			sourceTree = "<group>";
		};
		CD73CBB62A7812E500CD9F1F /* Chat */ = {
			isa = PBXGroup;
			children = (
				CD73CBB72A7812F500CD9F1F /* ChatLogView.swift */,
			);
			path = Chat;
			sourceTree = "<group>";
		};
		CDB28E052A70281800654334 /* MainMessages */ = {
			isa = PBXGroup;
			children = (
				CD73CBB62A7812E500CD9F1F /* Chat */,
				CD73CBB32A76CF2300CD9F1F /* NewMessage */,
				CDB28E082A70284900654334 /* MainMessagesView.swift */,
			);
			path = MainMessages;
			sourceTree = "<group>";
		};
/* End PBXGroup section */

/* Begin PBXNativeTarget section */
		CD0913D2298065CF00F7719B /* SwiftUIChat */ = {
			isa = PBXNativeTarget;
			buildConfigurationList = CD0913E1298065D100F7719B /* Build configuration list for PBXNativeTarget "SwiftUIChat" */;
			buildPhases = (
				CD0913CF298065CF00F7719B /* Sources */,
				CD0913D0298065CF00F7719B /* Frameworks */,
				CD0913D1298065CF00F7719B /* Resources */,
			);
			buildRules = (
			);
			dependencies = (
			);
			name = SwiftUIChat;
			packageProductDependencies = (
				CDB28DFF2A6FE7DE00654334 /* FirebaseAuth */,
				CDB28E012A6FE7DE00654334 /* FirebaseFirestore */,
				CDB28E032A6FE7DE00654334 /* FirebaseStorage */,
				CD73CBAC2A71587900CD9F1F /* SDWebImageSwiftUI */,
			);
			productName = SwiftUIChat;
			productReference = CD0913D3298065CF00F7719B /* SwiftUIChat.app */;
			productType = "com.apple.product-type.application";
		};
/* End PBXNativeTarget section */

/* Begin PBXProject section */
		CD0913CB298065CF00F7719B /* Project object */ = {
			isa = PBXProject;
			attributes = {
				BuildIndependentTargetsInParallel = 1;
				LastSwiftUpdateCheck = 1420;
				LastUpgradeCheck = 1420;
				TargetAttributes = {
					CD0913D2298065CF00F7719B = {
						CreatedOnToolsVersion = 14.2;
					};
				};
			};
			buildConfigurationList = CD0913CE298065CF00F7719B /* Build configuration list for PBXProject "SwiftUIChat" */;
			compatibilityVersion = "Xcode 14.0";
			developmentRegion = en;
			hasScannedForEncodings = 0;
			knownRegions = (
				en,
				Base,
			);
			mainGroup = CD0913CA298065CF00F7719B;
			packageReferences = (
				CDB28DFE2A6FE7DE00654334 /* XCRemoteSwiftPackageReference "firebase-ios-sdk" */,
				CD73CBAB2A71587900CD9F1F /* XCRemoteSwiftPackageReference "SDWebImageSwiftUI" */,
			);
			productRefGroup = CD0913D4298065CF00F7719B /* Products */;
			projectDirPath = "";
			projectRoot = "";
			targets = (
				CD0913D2298065CF00F7719B /* SwiftUIChat */,
			);
		};
/* End PBXProject section */

/* Begin PBXResourcesBuildPhase section */
		CD0913D1298065CF00F7719B /* Resources */ = {
			isa = PBXResourcesBuildPhase;
			buildActionMask = 2147483647;
			files = (
				CD0913DE298065D100F7719B /* Preview Assets.xcassets in Resources */,
				CD0913DB298065D100F7719B /* Assets.xcassets in Resources */,
				CDB28DFB2A6EE0FA00654334 /* GoogleService-Info.plist in Resources */,
			);
			runOnlyForDeploymentPostprocessing = 0;
		};
/* End PBXResourcesBuildPhase section */

/* Begin PBXSourcesBuildPhase section */
		CD0913CF298065CF00F7719B /* Sources */ = {
			isa = PBXSourcesBuildPhase;
			buildActionMask = 2147483647;
			files = (
				CD73CBB02A7183B700CD9F1F /* ChatUser.swift in Sources */,
				CD73CBB82A7812F500CD9F1F /* ChatLogView.swift in Sources */,
				CDB28DFD2A6FCD8E00654334 /* ImagePicker.swift in Sources */,
				CDB28E092A70284900654334 /* MainMessagesView.swift in Sources */,
				CD73CBAA2A711AC200CD9F1F /* FirebaseManager.swift in Sources */,
				CD73CBB52A76CF6700CD9F1F /* CreateNewMessageView.swift in Sources */,
				CD0913D9298065D000F7719B /* LoginView.swift in Sources */,
				CD0913D7298065D000F7719B /* SwiftUIChatApp.swift in Sources */,
			);
			runOnlyForDeploymentPostprocessing = 0;
		};
/* End PBXSourcesBuildPhase section */

/* Begin XCBuildConfiguration section */
		CD0913DF298065D100F7719B /* Debug */ = {
			isa = XCBuildConfiguration;
			buildSettings = {
				ALWAYS_SEARCH_USER_PATHS = NO;
				CLANG_ANALYZER_NONNULL = YES;
				CLANG_ANALYZER_NUMBER_OBJECT_CONVERSION = YES_AGGRESSIVE;
				CLANG_CXX_LANGUAGE_STANDARD = "gnu++20";
				CLANG_ENABLE_MODULES = YES;
				CLANG_ENABLE_OBJC_ARC = YES;
				CLANG_ENABLE_OBJC_WEAK = YES;
				CLANG_WARN_BLOCK_CAPTURE_AUTORELEASING = YES;
				CLANG_WARN_BOOL_CONVERSION = YES;
				CLANG_WARN_COMMA = YES;
				CLANG_WARN_CONSTANT_CONVERSION = YES;
				CLANG_WARN_DEPRECATED_OBJC_IMPLEMENTATIONS = YES;
				CLANG_WARN_DIRECT_OBJC_ISA_USAGE = YES_ERROR;
				CLANG_WARN_DOCUMENTATION_COMMENTS = YES;
				CLANG_WARN_EMPTY_BODY = YES;
				CLANG_WARN_ENUM_CONVERSION = YES;
				CLANG_WARN_INFINITE_RECURSION = YES;
				CLANG_WARN_INT_CONVERSION = YES;
				CLANG_WARN_NON_LITERAL_NULL_CONVERSION = YES;
				CLANG_WARN_OBJC_IMPLICIT_RETAIN_SELF = YES;
				CLANG_WARN_OBJC_LITERAL_CONVERSION = YES;
				CLANG_WARN_OBJC_ROOT_CLASS = YES_ERROR;
				CLANG_WARN_QUOTED_INCLUDE_IN_FRAMEWORK_HEADER = YES;
				CLANG_WARN_RANGE_LOOP_ANALYSIS = YES;
				CLANG_WARN_STRICT_PROTOTYPES = YES;
				CLANG_WARN_SUSPICIOUS_MOVE = YES;
				CLANG_WARN_UNGUARDED_AVAILABILITY = YES_AGGRESSIVE;
				CLANG_WARN_UNREACHABLE_CODE = YES;
				CLANG_WARN__DUPLICATE_METHOD_MATCH = YES;
				COPY_PHASE_STRIP = NO;
				DEBUG_INFORMATION_FORMAT = dwarf;
				ENABLE_STRICT_OBJC_MSGSEND = YES;
				ENABLE_TESTABILITY = YES;
				GCC_C_LANGUAGE_STANDARD = gnu11;
				GCC_DYNAMIC_NO_PIC = NO;
				GCC_NO_COMMON_BLOCKS = YES;
				GCC_OPTIMIZATION_LEVEL = 0;
				GCC_PREPROCESSOR_DEFINITIONS = (
					"DEBUG=1",
					"$(inherited)",
				);
				GCC_WARN_64_TO_32_BIT_CONVERSION = YES;
				GCC_WARN_ABOUT_RETURN_TYPE = YES_ERROR;
				GCC_WARN_UNDECLARED_SELECTOR = YES;
				GCC_WARN_UNINITIALIZED_AUTOS = YES_AGGRESSIVE;
				GCC_WARN_UNUSED_FUNCTION = YES;
				GCC_WARN_UNUSED_VARIABLE = YES;
				IPHONEOS_DEPLOYMENT_TARGET = 16.2;
				MTL_ENABLE_DEBUG_INFO = INCLUDE_SOURCE;
				MTL_FAST_MATH = YES;
				ONLY_ACTIVE_ARCH = YES;
				SDKROOT = iphoneos;
				SWIFT_ACTIVE_COMPILATION_CONDITIONS = DEBUG;
				SWIFT_OPTIMIZATION_LEVEL = "-Onone";
			};
			name = Debug;
		};
		CD0913E0298065D100F7719B /* Release */ = {
			isa = XCBuildConfiguration;
			buildSettings = {
				ALWAYS_SEARCH_USER_PATHS = NO;
				CLANG_ANALYZER_NONNULL = YES;
				CLANG_ANALYZER_NUMBER_OBJECT_CONVERSION = YES_AGGRESSIVE;
				CLANG_CXX_LANGUAGE_STANDARD = "gnu++20";
				CLANG_ENABLE_MODULES = YES;
				CLANG_ENABLE_OBJC_ARC = YES;
				CLANG_ENABLE_OBJC_WEAK = YES;
				CLANG_WARN_BLOCK_CAPTURE_AUTORELEASING = YES;
				CLANG_WARN_BOOL_CONVERSION = YES;
				CLANG_WARN_COMMA = YES;
				CLANG_WARN_CONSTANT_CONVERSION = YES;
				CLANG_WARN_DEPRECATED_OBJC_IMPLEMENTATIONS = YES;
				CLANG_WARN_DIRECT_OBJC_ISA_USAGE = YES_ERROR;
				CLANG_WARN_DOCUMENTATION_COMMENTS = YES;
				CLANG_WARN_EMPTY_BODY = YES;
				CLANG_WARN_ENUM_CONVERSION = YES;
				CLANG_WARN_INFINITE_RECURSION = YES;
				CLANG_WARN_INT_CONVERSION = YES;
				CLANG_WARN_NON_LITERAL_NULL_CONVERSION = YES;
				CLANG_WARN_OBJC_IMPLICIT_RETAIN_SELF = YES;
				CLANG_WARN_OBJC_LITERAL_CONVERSION = YES;
				CLANG_WARN_OBJC_ROOT_CLASS = YES_ERROR;
				CLANG_WARN_QUOTED_INCLUDE_IN_FRAMEWORK_HEADER = YES;
				CLANG_WARN_RANGE_LOOP_ANALYSIS = YES;
				CLANG_WARN_STRICT_PROTOTYPES = YES;
				CLANG_WARN_SUSPICIOUS_MOVE = YES;
				CLANG_WARN_UNGUARDED_AVAILABILITY = YES_AGGRESSIVE;
				CLANG_WARN_UNREACHABLE_CODE = YES;
				CLANG_WARN__DUPLICATE_METHOD_MATCH = YES;
				COPY_PHASE_STRIP = NO;
				DEBUG_INFORMATION_FORMAT = "dwarf-with-dsym";
				ENABLE_NS_ASSERTIONS = NO;
				ENABLE_STRICT_OBJC_MSGSEND = YES;
				GCC_C_LANGUAGE_STANDARD = gnu11;
				GCC_NO_COMMON_BLOCKS = YES;
				GCC_WARN_64_TO_32_BIT_CONVERSION = YES;
				GCC_WARN_ABOUT_RETURN_TYPE = YES_ERROR;
				GCC_WARN_UNDECLARED_SELECTOR = YES;
				GCC_WARN_UNINITIALIZED_AUTOS = YES_AGGRESSIVE;
				GCC_WARN_UNUSED_FUNCTION = YES;
				GCC_WARN_UNUSED_VARIABLE = YES;
				IPHONEOS_DEPLOYMENT_TARGET = 16.2;
				MTL_ENABLE_DEBUG_INFO = NO;
				MTL_FAST_MATH = YES;
				SDKROOT = iphoneos;
				SWIFT_COMPILATION_MODE = wholemodule;
				SWIFT_OPTIMIZATION_LEVEL = "-O";
				VALIDATE_PRODUCT = YES;
			};
			name = Release;
		};
		CD0913E2298065D100F7719B /* Debug */ = {
			isa = XCBuildConfiguration;
			buildSettings = {
				ASSETCATALOG_COMPILER_APPICON_NAME = AppIcon;
				ASSETCATALOG_COMPILER_GLOBAL_ACCENT_COLOR_NAME = AccentColor;
				CODE_SIGN_STYLE = Automatic;
				CURRENT_PROJECT_VERSION = 1;
				DEVELOPMENT_ASSET_PATHS = "\"SwiftUIChat/Preview Content\"";
				ENABLE_PREVIEWS = YES;
				GENERATE_INFOPLIST_FILE = YES;
				INFOPLIST_KEY_UIApplicationSceneManifest_Generation = YES;
				INFOPLIST_KEY_UIApplicationSupportsIndirectInputEvents = YES;
				INFOPLIST_KEY_UILaunchScreen_Generation = YES;
				INFOPLIST_KEY_UISupportedInterfaceOrientations_iPad = "UIInterfaceOrientationPortrait UIInterfaceOrientationPortraitUpsideDown UIInterfaceOrientationLandscapeLeft UIInterfaceOrientationLandscapeRight";
				INFOPLIST_KEY_UISupportedInterfaceOrientations_iPhone = "UIInterfaceOrientationPortrait UIInterfaceOrientationLandscapeLeft UIInterfaceOrientationLandscapeRight";
				LD_RUNPATH_SEARCH_PATHS = (
					"$(inherited)",
					"@executable_path/Frameworks",
				);
				MARKETING_VERSION = 1.0;
				PRODUCT_BUNDLE_IDENTIFIER = com.lbta.SwiftUIChat;
				PRODUCT_NAME = "$(TARGET_NAME)";
				SWIFT_EMIT_LOC_STRINGS = YES;
				SWIFT_VERSION = 5.0;
				TARGETED_DEVICE_FAMILY = "1,2";
			};
			name = Debug;
		};
		CD0913E3298065D100F7719B /* Release */ = {
			isa = XCBuildConfiguration;
			buildSettings = {
				ASSETCATALOG_COMPILER_APPICON_NAME = AppIcon;
				ASSETCATALOG_COMPILER_GLOBAL_ACCENT_COLOR_NAME = AccentColor;
				CODE_SIGN_STYLE = Automatic;
				CURRENT_PROJECT_VERSION = 1;
				DEVELOPMENT_ASSET_PATHS = "\"SwiftUIChat/Preview Content\"";
				ENABLE_PREVIEWS = YES;
				GENERATE_INFOPLIST_FILE = YES;
				INFOPLIST_KEY_UIApplicationSceneManifest_Generation = YES;
				INFOPLIST_KEY_UIApplicationSupportsIndirectInputEvents = YES;
				INFOPLIST_KEY_UILaunchScreen_Generation = YES;
				INFOPLIST_KEY_UISupportedInterfaceOrientations_iPad = "UIInterfaceOrientationPortrait UIInterfaceOrientationPortraitUpsideDown UIInterfaceOrientationLandscapeLeft UIInterfaceOrientationLandscapeRight";
				INFOPLIST_KEY_UISupportedInterfaceOrientations_iPhone = "UIInterfaceOrientationPortrait UIInterfaceOrientationLandscapeLeft UIInterfaceOrientationLandscapeRight";
				LD_RUNPATH_SEARCH_PATHS = (
					"$(inherited)",
					"@executable_path/Frameworks",
				);
				MARKETING_VERSION = 1.0;
				PRODUCT_BUNDLE_IDENTIFIER = com.lbta.SwiftUIChat;
				PRODUCT_NAME = "$(TARGET_NAME)";
				SWIFT_EMIT_LOC_STRINGS = YES;
				SWIFT_VERSION = 5.0;
				TARGETED_DEVICE_FAMILY = "1,2";
			};
			name = Release;
		};
/* End XCBuildConfiguration section */

/* Begin XCConfigurationList section */
		CD0913CE298065CF00F7719B /* Build configuration list for PBXProject "SwiftUIChat" */ = {
			isa = XCConfigurationList;
			buildConfigurations = (
				CD0913DF298065D100F7719B /* Debug */,
				CD0913E0298065D100F7719B /* Release */,
			);
			defaultConfigurationIsVisible = 0;
			defaultConfigurationName = Release;
		};
		CD0913E1298065D100F7719B /* Build configuration list for PBXNativeTarget "SwiftUIChat" */ = {
			isa = XCConfigurationList;
			buildConfigurations = (
				CD0913E2298065D100F7719B /* Debug */,
				CD0913E3298065D100F7719B /* Release */,
			);
			defaultConfigurationIsVisible = 0;
			defaultConfigurationName = Release;
		};
/* End XCConfigurationList section */

/* Begin XCRemoteSwiftPackageReference section */
		CD73CBAB2A71587900CD9F1F /* XCRemoteSwiftPackageReference "SDWebImageSwiftUI" */ = {
			isa = XCRemoteSwiftPackageReference;
			repositoryURL = "https://github.com/SDWebImage/SDWebImageSwiftUI";
			requirement = {
				kind = upToNextMajorVersion;
				minimumVersion = 2.0.0;
			};
		};
		CDB28DFE2A6FE7DE00654334 /* XCRemoteSwiftPackageReference "firebase-ios-sdk" */ = {
			isa = XCRemoteSwiftPackageReference;
			repositoryURL = "https://github.com/firebase/firebase-ios-sdk.git";
			requirement = {
				kind = upToNextMajorVersion;
				minimumVersion = 9.0.0;
			};
		};
/* End XCRemoteSwiftPackageReference section */

/* Begin XCSwiftPackageProductDependency section */
		CD73CBAC2A71587900CD9F1F /* SDWebImageSwiftUI */ = {
			isa = XCSwiftPackageProductDependency;
			package = CD73CBAB2A71587900CD9F1F /* XCRemoteSwiftPackageReference "SDWebImageSwiftUI" */;
			productName = SDWebImageSwiftUI;
		};
		CDB28DFF2A6FE7DE00654334 /* FirebaseAuth */ = {
			isa = XCSwiftPackageProductDependency;
			package = CDB28DFE2A6FE7DE00654334 /* XCRemoteSwiftPackageReference "firebase-ios-sdk" */;
			productName = FirebaseAuth;
		};
		CDB28E012A6FE7DE00654334 /* FirebaseFirestore */ = {
			isa = XCSwiftPackageProductDependency;
			package = CDB28DFE2A6FE7DE00654334 /* XCRemoteSwiftPackageReference "firebase-ios-sdk" */;
			productName = FirebaseFirestore;
		};
		CDB28E032A6FE7DE00654334 /* FirebaseStorage */ = {
			isa = XCSwiftPackageProductDependency;
			package = CDB28DFE2A6FE7DE00654334 /* XCRemoteSwiftPackageReference "firebase-ios-sdk" */;
			productName = FirebaseStorage;
		};
/* End XCSwiftPackageProductDependency section */
	};
	rootObject = CD0913CB298065CF00F7719B /* Project object */;
}
